
Microsoft Visual Studio Solution File, Format Version 12.00
# Visual Studio Version 16
VisualStudioVersion = 16.0.31424.327
MinimumVisualStudioVersion = 10.0.40219.1
Project("{FAE04EC0-301F-11D3-BF4B-00C04F79EFBC}") = "OblivionBSAUncompressor", "OblivionBSAUncompressor\OblivionBSAUncompressor.csproj", "{B843F04A-2160-416B-8937-3D6D94249E7B}"
EndProject
Global
	GlobalSection(SolutionConfigurationPlatforms) = preSolution
		Debug|Any CPU = Debug|Any CPU
		Release|Any CPU = Release|Any CPU
	EndGlobalSection
	GlobalSection(ProjectConfigurationPlatforms) = postSolution
		{B843F04A-2160-416B-8937-3D6D94249E7B}.Debug|Any CPU.ActiveCfg = Debug|Any CPU
		{B843F04A-2160-416B-8937-3D6D94249E7B}.Debug|Any CPU.Build.0 = Debug|Any CPU
		{B843F04A-2160-416B-8937-3D6D94249E7B}.Release|Any CPU.ActiveCfg = Release|Any CPU
		{B843F04A-2160-416B-8937-3D6D94249E7B}.Release|Any CPU.Build.0 = Release|Any CPU
	EndGlobalSection
	GlobalSection(SolutionProperties) = preSolution
		HideSolutionNode = FALSE
	EndGlobalSection
	GlobalSection(ExtensibilityGlobals) = postSolution
		SolutionGuid = {F41EC067-57FA-4788-AE71-BE18A0A1AE2D}
	EndGlobalSection
EndGlobal
